PODS:
  - BBAlert (0.1.0):
    - UIImageEffects
  - FBSnapshotTestCase (2.1.4):
    - FBSnapshotTestCase/SwiftSupport (= 2.1.4)
  - FBSnapshotTestCase/Core (2.1.4)
  - FBSnapshotTestCase/SwiftSupport (2.1.4):
    - FBSnapshotTestCase/Core
  - Nimble (5.1.1)
  - Nimble-Snapshots (4.4.0):
    - Nimble-Snapshots/Core (= 4.4.0)
  - Nimble-Snapshots/Core (4.4.0):
    - FBSnapshotTestCase (~> 2.0)
    - Nimble
    - Quick
  - Quick (1.0.0)
  - UIImageEffects (0.0.1)

DEPENDENCIES:
  - BBAlert (from `../`)
  - FBSnapshotTestCase
  - Nimble (~> 5.1.1)
  - Nimble-Snapshots
  - Quick (~> 1.0.0)

EXTERNAL SOURCES:
  BBAlert:
    :path: ../

SPEC CHECKSUMS:
  BBAlert: 5b4626dfca465a9f4c1cd751d95373a623d16bbb
  FBSnapshotTestCase: 094f9f314decbabe373b87cc339bea235a63e07a
  Nimble: 415e3aa3267e7bc2c96b05fa814ddea7bb686a29
  Nimble-Snapshots: e743439f26c2fa99d8f7e0d7c01c99bcb40aa6f2
  Quick: 8024e4a47e6cc03a9d5245ef0948264fc6d27cff
  UIImageEffects: 37b99fa461e4965f332ca82e92f2c22a1075ee84

PODFILE CHECKSUM: 11788a0216477fd7fea95beba6414e51693e2735

COCOAPODS: 1.2.1
