PODS:
  - BBAlert (0.1.1):
    - Reusable
    - SnapKit
    - UIImageEffects
  - FBSnapshotTestCase (2.1.4):
    - FBSnapshotTestCase/SwiftSupport (= 2.1.4)
  - FBSnapshotTestCase/Core (2.1.4)
  - FBSnapshotTestCase/SwiftSupport (2.1.4):
    - FBSnapshotTestCase/Core
  - Nimble (5.1.1)
  - Nimble-Snapshots (4.4.0):
    - Nimble-Snapshots/Core (= 4.4.0)
  - Nimble-Snapshots/Core (4.4.0):
    - FBSnapshotTestCase (~> 2.0)
    - Nimble
    - Quick
  - Quick (1.0.0)
  - Reusable (4.0.0):
    - Reusable/Storyboard (= 4.0.0)
    - Reusable/View (= 4.0.0)
  - Reusable/Storyboard (4.0.0)
  - Reusable/View (4.0.0)
  - SnapKit (3.2.0)
  - SwiftLint (0.20.1)
  - UIImageEffects (0.0.1)

DEPENDENCIES:
  - BBAlert (from `../`)
  - FBSnapshotTestCase
  - Nimble (~> 5.1.1)
  - Nimble-Snapshots
  - Quick (~> 1.0.0)
  - Reusable
  - SwiftLint

SPEC REPOS:
  https://github.com/cocoapods/specs.git:
    - FBSnapshotTestCase
    - Nimble
    - Nimble-Snapshots
    - Quick
    - Reusable
    - SnapKit
    - SwiftLint
    - UIImageEffects

EXTERNAL SOURCES:
  BBAlert:
    :path: "../"

SPEC CHECKSUMS:
  BBAlert: e78c290804e901618a2be046e255c9754b95c617
  FBSnapshotTestCase: 094f9f314decbabe373b87cc339bea235a63e07a
  Nimble: 415e3aa3267e7bc2c96b05fa814ddea7bb686a29
  Nimble-Snapshots: e743439f26c2fa99d8f7e0d7c01c99bcb40aa6f2
  Quick: 8024e4a47e6cc03a9d5245ef0948264fc6d27cff
  Reusable: 98e5fff1e0e2e00872199699b276dde08ee56c07
  SnapKit: 1ca44df72cfa543218d177cb8aab029d10d86ea7
  SwiftLint: f60095dc173a3f3ec505bb34f5229c3dfd779a54
  UIImageEffects: 37b99fa461e4965f332ca82e92f2c22a1075ee84

PODFILE CHECKSUM: 96b0bc077b9ed6dbe8d9bb522091f21ff172ffb3

COCOAPODS: 1.5.3
